# This file was autogenerated by Stack.
# You should not edit this file by hand.
# For more information, please see the documentation at:
#   https://docs.haskellstack.org/en/stable/lock_files

packages:
- completed:
    hackage: ConfigFile-1.1.4@sha256:4cb481f88bbbbba5a61d2c1aa76fda01ae3d8ba9d11439a6cf56a86bfa791883,2097
    pantry-tree:
      sha256: ca968890a1f57385aa0d3ccc979e641f02705f2b3044bc55ec650911ea6c46f4
      size: 1016
  original:
    hackage: ConfigFile-1.1.4
- completed:
    hackage: cairo-0.13.8.2@sha256:ef1709c3c4d2c6d68a9a51d9f220dccc0745f6468d2d0868c15a7ecdf8f325a1,4078
    pantry-tree:
      sha256: d6a9b3a15bc2e7b53fda331279cfdbc299fbf0c4be2ee8c1b6b79b924b6fdeb4
      size: 2830
  original:
    hackage: cairo-0.13.8.2
- completed:
    hackage: gi-atk-2.0.24@sha256:f4106aebdfa19f94ef61b1bdec613a09ecbb8b60b80099bf0e7d87817291afc5,6756
    pantry-tree:
      sha256: 323cf711a23fc7c32873ad8fce26ec45ae93be8b9c59e2ca5565c5891728d3d5
      size: 355
  original:
    hackage: gi-atk-2.0.24
- completed:
    hackage: gi-cairo-1.0.26@sha256:5377ae4ab09e8264c4d289bd4d08b8bc34a59ecf850c89f1461229946d527fb3,3692
    pantry-tree:
      sha256: 9ba086b6671f08e0290d5e3ac6c2176378ea2c3ec80101b72307485dd1fe22c2
      size: 358
  original:
    hackage: gi-cairo-1.0.26
- completed:
    hackage: gi-cairo-connector-0.1.1@sha256:621d03434a0d6e3d5e68178f5890f2a7142818fcf4c6a5b15079f6b67955407d,1213
    pantry-tree:
      sha256: d10b7d77b0a00090223528e1241a3568e9d12d3378d1719935a53387dd080fa7
      size: 238
  original:
    hackage: gi-cairo-connector-0.1.1
- completed:
    hackage: gi-cairo-render-0.1.1@sha256:6784053790b9e43a1f0102cc3fc605989ec202dbc9b05abb5c98ec1551a73741,3527
    pantry-tree:
      sha256: 40e31da31aa0aa3775e516b215c864a4d5586ea60e86a25189063d83186c1818
      size: 1655
  original:
    hackage: gi-cairo-render-0.1.1
- completed:
    hackage: gi-dbusmenu-0.4.10@sha256:24edf5a8a248215b520fefda0271aa675cfd54b5c185fd4941919434204fbffb,3213
    pantry-tree:
      sha256: 94fdd6d1f08bdf46cbd71af5274202f466f6b01edbe8a5def3d560c624334359
      size: 364
  original:
    hackage: gi-dbusmenu-0.4.10
- completed:
    hackage: gi-dbusmenugtk3-0.4.11@sha256:370bdf2b7c8eb7ef3807a896041a747e6ca50bdfe8554f8cc5702eeef9f026c7,3372
    pantry-tree:
      sha256: c01590b68989243e03aff0bb77d5318552fec4a348069089257105468de8bcbe
      size: 372
  original:
    hackage: gi-dbusmenugtk3-0.4.11
- completed:
    hackage: gi-freetype2-2.0.1@sha256:86c6104db20113532739e268cd74000553fd5b80aaab85b4dbfa3d7b65ef74d2,2739
    pantry-tree:
      sha256: eef5da8c17384a131ea200b4094843dd67b827a361843d4f14376b363fdb2156
      size: 306
  original:
    hackage: gi-freetype2-2.0.1
- completed:
    hackage: gi-gdk-3.0.25@sha256:f7c1ef44c4c6e8d1063c7eae69b08643ab52bbaf69c389dcf491acce22654f10,8968
    pantry-tree:
      sha256: ed1a395d5d8c9493312a5c4fda2b5789294a4375b6d912ab65e940b3fcd8c40c
      size: 356
  original:
    hackage: gi-gdk-3.0.25
- completed:
    hackage: gi-gdkpixbuf-2.0.28@sha256:c1778a719d402d583bcbb4565976f42afb74283865b567d9ca056de98c4bbaf0,4341
    pantry-tree:
      sha256: 60356c17e3fd89914f4c42a24a1a764475b61e75cb4298bb71e0fc2d2cd223dc
      size: 368
  original:
    hackage: gi-gdkpixbuf-2.0.28
- completed:
    hackage: gi-gdkx11-3.0.12@sha256:8f6710b7aad18f1f699de099940beffb88784e1557156f936da42f76da7b85df,4482
    pantry-tree:
      sha256: 6412044b7cf89cdf117254aed179f82d849e36177d10c9eaefb11b5659ad28bd
      size: 359
  original:
    hackage: gi-gdkx11-3.0.12
- completed:
    hackage: gi-gio-2.0.29@sha256:05dc4b69dd9bb1070a7b6d2f3026964dbf2d60d853c3ca17a67535f60cfc1b45,21946
    pantry-tree:
      sha256: 3e08e76d1099e864f2d899443690aa30785324a64f356b17de3a5ae8aa07db8e
      size: 359
  original:
    hackage: gi-gio-2.0.29
- completed:
    hackage: gi-glib-2.0.29@sha256:5857f4b4bbd589e494c17b185e9510f4079a7878d4fe7fbbac0437a4396ab952,10040
    pantry-tree:
      sha256: f734405645a824e6b2452b17b099cbd79dfbe92c4a23ab38af696e3ac38967b9
      size: 360
  original:
    hackage: gi-glib-2.0.29
- completed:
    hackage: gi-gmodule-2.0.2@sha256:9e183da56732f60781c8e313a6c4fb164bcaf7e710807a30e38766e77985c135,2669
    pantry-tree:
      sha256: 21f924aa8859141544967464c5eb3ca7825977d9b12ff43d75b758fbcfb57b3a
      size: 304
  original:
    hackage: gi-gmodule-2.0.2
- completed:
    hackage: gi-gobject-2.0.27@sha256:d32bca8225024c7e7c7f0aca7888b8879acce4675f19f5f3ff065168b196da33,9312
    pantry-tree:
      sha256: f4fefc1a06b590643c590660a3216826ed7771867da299afbf533e0cf093d2df
      size: 364
  original:
    hackage: gi-gobject-2.0.27
- completed:
    hackage: gi-gtk-3.0.38@sha256:9e59f45e8d522f49628815a21b58029c3ddcef97eec9633e80ce08205d7f473b,39333
    pantry-tree:
      sha256: fd32c6964cc52642881f1bb6970b636c758a220d7d047aa367acfa0a4b6afa50
      size: 359
  original:
    hackage: gi-gtk-3.0.38
- completed:
    hackage: gi-harfbuzz-0.0.6@sha256:c3f90157c220ba9aa8d1e221e5d7d73c528dac62fa4866058432c7dc14f76c90,6512
    pantry-tree:
      sha256: 1c26234a2de28fac847086802bdaa3a973b9f852141c2fc52ae9bc4ae0df5ac3
      size: 364
  original:
    hackage: gi-harfbuzz-0.0.6
- completed:
    hackage: gi-pango-1.0.26@sha256:9807432347289479941ce50bb110275bdb65ac5339d33d9afac31d0920ca4e85,7446
    pantry-tree:
      sha256: c5bc3c4c6306a3b40c0138ce5f9e92471019d1e2bc78ee09e1b4ce0dc413e735
      size: 361
  original:
    hackage: gi-pango-1.0.26
- completed:
    hackage: gi-xlib-2.0.11@sha256:f7d177dc525a606b1f29e8de77e1dceb38dcbd1c98fe67533f7848961d99774b,3477
    pantry-tree:
      sha256: 711039edcb1164c6718674d45ffb4a860d121f6ae0ff4cb68b7da18de55c8619
      size: 355
  original:
    hackage: gi-xlib-2.0.11
- completed:
    hackage: gio-0.13.8.2@sha256:95a9cc25976992aea0c4d0482b4f98ef165eca9ec2ccd553e2ce646bb0d8c66d,3136
    pantry-tree:
      sha256: b1733df766fe4f04f052aa4d08d4fed2e506dc0fd1d5357d9020c4256cbd9ac7
      size: 2036
  original:
    hackage: gio-0.13.8.2
- completed:
    hackage: glib-0.13.8.2@sha256:f44b829e741b3c3244d523f60b058701dfc067ff64c2ba61d43be4cccfc2663d,3156
    pantry-tree:
      sha256: 2442a22152231a94e2f1ecfe7ddc0f4e5fb2d5ae116b371508a448bd3312ef06
      size: 1625
  original:
    hackage: glib-0.13.8.2
- completed:
    hackage: gtk-sni-tray-0.1.8.0@sha256:d9bc0aa6f01280ff69fd085704855314634574ea771797876bc1f58cb570eca2,2111
    pantry-tree:
      sha256: ae80c452e019736a3a54e4d660ac8fbc0e1cd493224deed7800df24cf0aa14b2
      size: 456
  original:
    hackage: gtk-sni-tray-0.1.8.0
- completed:
    hackage: gtk2hs-buildtools-0.13.8.3@sha256:207229eee7abff12aba2740b32131522086275e46f2e72a0f5bbc3cb781e9d4d,5304
    pantry-tree:
      sha256: 1f93c6dbf2573503c48019fdf9f4662dcac494beaecccaea1873ec901eb2152f
      size: 3588
  original:
    hackage: gtk2hs-buildtools-0.13.8.3
- completed:
    hackage: gtk3-0.15.7@sha256:d2c599bbed3b7965956db564c5e2bccf4b42b7123628b663901da7da5c90c421,19495
    pantry-tree:
      sha256: a37d3576d0624fa58ff4522e8544a18fc2903d8fc448fd229513edb0681ada4b
      size: 21251
  original:
    hackage: gtk3-0.15.7
- completed:
    hackage: haskell-gi-0.26.7@sha256:c9e3b135220899034d05e9cd67395f9aead797753a596b4f5298ff734a1837d9,5184
    pantry-tree:
      sha256: 3c306da3dcf5a2e1684f905cd468c660df9ff06e4c88c2a3ac2aeac9fbd74161
      size: 4270
  original:
    hackage: haskell-gi-0.26.7
- completed:
    hackage: haskell-gi-base-0.26.4@sha256:14f295b3d7b91b289e2fa86b91d362036dee3b4154d0c6adf658ace8b5311982,2448
    pantry-tree:
      sha256: 7e1e02796f652cae76013fca5c924d13272d114074a4fb5c64e4518c761c59fd
      size: 1941
  original:
    hackage: haskell-gi-base-0.26.4
- completed:
    hackage: pango-0.13.8.2@sha256:d4057ebddade4cde3e25d7755b5e030e7a7e56fe7365afd37916a7bba46d3fd9,3917
    pantry-tree:
      sha256: 10c335853e1d43e0b7426b33e8ddbdb90b3e318ebec4d58f0726a2f4cfb2e1c9
      size: 1506
  original:
    hackage: pango-0.13.8.2
- completed:
    hackage: taffybar-3.3.0@sha256:1c8a9b1c098cd85637290289b47f0faf18cb1496723d2d933f167a3cb063a08c,7087
    pantry-tree:
      sha256: bf5ed92ef440fbb62f36f4edb693c518a5adcb523012ad3967ac654246c9920e
      size: 5951
  original:
    hackage: taffybar-3.3.0
- completed:
    hackage: xdg-desktop-entry-0.1.1.1@sha256:6add2e483664bebb4d63217795b2b9e4a897c63354ff96674b3d717836cb46ab,1010
    pantry-tree:
      sha256: 84c74338122491c2b4f8214ef3df2217700ac5ce262fbe07b69f10c071a02e86
      size: 296
  original:
    hackage: xdg-desktop-entry-0.1.1.1
- completed:
    hackage: xmonad-0.17.0@sha256:659869f38a7def075c6f3b120268af2e00fee11221a55d4f930268a97b4cbe0a,5734
    pantry-tree:
      sha256: 23ca7d7bba0773000f0da356131a010dd88582c8389c4cd5b8a78adb7a54ed47
      size: 2485
  original:
    hackage: xmonad-0.17.0
- completed:
    hackage: xmonad-contrib-0.17.0@sha256:71f4890e2ef35edea41057af5e4ce371e02570000d8b93efc07eae3427102e6f,20836
    pantry-tree:
      sha256: 94d0020187d6cb6c4d373afa13784dc58961e8d0d2c63cfc327d8f494a0ce910
      size: 21783
  original:
    hackage: xmonad-contrib-0.17.0
snapshots:
- completed:
    sha256: 428ec8d5ce932190d3cbe266b9eb3c175cd81e984babf876b64019e2cbe4ea68
    size: 590100
    url: https://raw.githubusercontent.com/commercialhaskell/stackage-snapshots/master/lts/18/28.yaml
  original: lts-18.28
